// !$*UTF8*$!
{
	archiveVersion = 1;
	classes = {
	};
	objectVersion = 51;
	objects = {

/* Begin PBXBuildFile section */
		5F22EBC024ECF359002DCF61 /* HomeViewController.m in Sources */ = {isa = PBXBuildFile; fileRef = 5F22EBBF24ECF359002DCF61 /* HomeViewController.m */; };
		5F22EBC424ECF371002DCF61 /* GaoDuanViewController.m in Sources */ = {isa = PBXBuildFile; fileRef = 5F22EBC324ECF371002DCF61 /* GaoDuanViewController.m */; };
		5F22EBC724ECF389002DCF61 /* FuQiJiaoViewController.m in Sources */ = {isa = PBXBuildFile; fileRef = 5F22EBC624ECF389002DCF61 /* FuQiJiaoViewController.m */; };
		5F22EBCA24ECF39E002DCF61 /* XiaoXiViewController.m in Sources */ = {isa = PBXBuildFile; fileRef = 5F22EBC924ECF39E002DCF61 /* XiaoXiViewController.m */; };
		5F22EBCD24ECF3A8002DCF61 /* MyCenterViewController.m in Sources */ = {isa = PBXBuildFile; fileRef = 5F22EBCC24ECF3A8002DCF61 /* MyCenterViewController.m */; };
		5F22EBD324ECFAB3002DCF61 /* WSIndexBanner.m in Sources */ = {isa = PBXBuildFile; fileRef = 5F22EBD124ECFAB3002DCF61 /* WSIndexBanner.m */; };
		5F22EBD424ECFAB3002DCF61 /* WSPageView.m in Sources */ = {isa = PBXBuildFile; fileRef = 5F22EBD224ECFAB3002DCF61 /* WSPageView.m */; };
		5F34DCC524EE15CA00DE15A1 /* HomeListCell.m in Sources */ = {isa = PBXBuildFile; fileRef = 5F34DCC424EE15CA00DE15A1 /* HomeListCell.m */; };
		5F34DCC924EE4E2600DE15A1 /* GaoDuanHomeCell.m in Sources */ = {isa = PBXBuildFile; fileRef = 5F34DCC824EE4E2600DE15A1 /* GaoDuanHomeCell.m */; };
		5F34DCD924EE801E00DE15A1 /* FuQiJiaoHomeCell.m in Sources */ = {isa = PBXBuildFile; fileRef = 5F34DCD824EE801E00DE15A1 /* FuQiJiaoHomeCell.m */; };
		5F34DCDD24EF716500DE15A1 /* MyScrollView.m in Sources */ = {isa = PBXBuildFile; fileRef = 5F34DCDC24EF716500DE15A1 /* MyScrollView.m */; };
		5F34DCE024EF744900DE15A1 /* TiYanBaoGaoViewController.m in Sources */ = {isa = PBXBuildFile; fileRef = 5F34DCDF24EF744900DE15A1 /* TiYanBaoGaoViewController.m */; };
		5F34DCE324EF769500DE15A1 /* HeiDianBaoGuangViewController.m in Sources */ = {isa = PBXBuildFile; fileRef = 5F34DCE224EF769500DE15A1 /* HeiDianBaoGuangViewController.m */; };
		5F34DCE624EF777400DE15A1 /* FangLeiFangPianViewController.m in Sources */ = {isa = PBXBuildFile; fileRef = 5F34DCE524EF777400DE15A1 /* FangLeiFangPianViewController.m */; };
		5F34DCEC24EF7A5900DE15A1 /* DingZhiFuWuViewController.m in Sources */ = {isa = PBXBuildFile; fileRef = 5F34DCEB24EF7A5900DE15A1 /* DingZhiFuWuViewController.m */; };
		5F34DCEF24EF7D5000DE15A1 /* DingZhiFuWuTableViewCell.m in Sources */ = {isa = PBXBuildFile; fileRef = 5F34DCEE24EF7D5000DE15A1 /* DingZhiFuWuTableViewCell.m */; };
		5F34DCF524EFCEF000DE15A1 /* JingCaiFuLiViewController.m in Sources */ = {isa = PBXBuildFile; fileRef = 5F34DCF424EFCEF000DE15A1 /* JingCaiFuLiViewController.m */; };
		5F498D1323AB99830050AD19 /* GetCountryInfoViewController.m in Sources */ = {isa = PBXBuildFile; fileRef = 5F498D1223AB99830050AD19 /* GetCountryInfoViewController.m */; };
		5F54D5D22382709A00282C63 /* Flash.xib in Resources */ = {isa = PBXBuildFile; fileRef = 5F54D5D12382709A00282C63 /* Flash.xib */; };
		5F8557BD2398DC6400BA1E18 /* Lable_ImageButton.m in Sources */ = {isa = PBXBuildFile; fileRef = 5F8557BB2398DC6400BA1E18 /* Lable_ImageButton.m */; };
		5F91C46A24E6895200E835AB /* HTTPModel.m in Sources */ = {isa = PBXBuildFile; fileRef = 5F91C46624E6895200E835AB /* HTTPModel.m */; };
		5F91C46B24E6895200E835AB /* AFAppDotNetAPIClient.m in Sources */ = {isa = PBXBuildFile; fileRef = 5F91C46724E6895200E835AB /* AFAppDotNetAPIClient.m */; };
		5FC7AD8C24D0080000EEEC66 /* SimulateIDFA.m in Sources */ = {isa = PBXBuildFile; fileRef = 5FC7AD8A24D0080000EEEC66 /* SimulateIDFA.m */; };
		5FDA455C2490EA0A00130D1E /* MyNavigationViewController.m in Sources */ = {isa = PBXBuildFile; fileRef = 5FDA455B2490EA0A00130D1E /* MyNavigationViewController.m */; };
		5FE3EA6C235599D200C77F4D /* AppDelegate.m in Sources */ = {isa = PBXBuildFile; fileRef = 5FE3EA6B235599D200C77F4D /* AppDelegate.m */; };
		5FE3EA72235599D200C77F4D /* ViewController.m in Sources */ = {isa = PBXBuildFile; fileRef = 5FE3EA71235599D200C77F4D /* ViewController.m */; };
		5FE3EA75235599D200C77F4D /* Main.storyboard in Resources */ = {isa = PBXBuildFile; fileRef = 5FE3EA73235599D200C77F4D /* Main.storyboard */; };
		5FE3EA77235599D300C77F4D /* Assets.xcassets in Resources */ = {isa = PBXBuildFile; fileRef = 5FE3EA76235599D300C77F4D /* Assets.xcassets */; };
		5FE3EA7A235599D300C77F4D /* LaunchScreen.storyboard in Resources */ = {isa = PBXBuildFile; fileRef = 5FE3EA78235599D300C77F4D /* LaunchScreen.storyboard */; };
		5FE3EA7D235599D300C77F4D /* main.m in Sources */ = {isa = PBXBuildFile; fileRef = 5FE3EA7C235599D300C77F4D /* main.m */; };
		5FE3EAC923559FB400C77F4D /* MainBaseViewController.m in Sources */ = {isa = PBXBuildFile; fileRef = 5FE3EAC523559FB400C77F4D /* MainBaseViewController.m */; };
		5FE3EACA23559FB400C77F4D /* MainTabbarController.m in Sources */ = {isa = PBXBuildFile; fileRef = 5FE3EAC723559FB400C77F4D /* MainTabbarController.m */; };
		5FE3EAD32355A0EE00C77F4D /* NSString+Additions.m in Sources */ = {isa = PBXBuildFile; fileRef = 5FE3EACE2355A0EE00C77F4D /* NSString+Additions.m */; };
		5FE3EAD42355A0EE00C77F4D /* UIView+Additions.m in Sources */ = {isa = PBXBuildFile; fileRef = 5FE3EACF2355A0EE00C77F4D /* UIView+Additions.m */; };
		5FE3EAD52355A0EE00C77F4D /* NSData+Additions.m in Sources */ = {isa = PBXBuildFile; fileRef = 5FE3EAD12355A0EE00C77F4D /* NSData+Additions.m */; };
		5FE3EC032355A3E400C77F4D /* ACAlertController.m in Sources */ = {isa = PBXBuildFile; fileRef = 5FE3EBCC2355A3E400C77F4D /* ACAlertController.m */; };
		5FE3EC042355A3E400C77F4D /* UIImageView+LLMediaExt.m in Sources */ = {isa = PBXBuildFile; fileRef = 5FE3EBD02355A3E400C77F4D /* UIImageView+LLMediaExt.m */; };
		5FE3EC052355A3E400C77F4D /* NSString+LLMediaExt.m in Sources */ = {isa = PBXBuildFile; fileRef = 5FE3EBD12355A3E400C77F4D /* NSString+LLMediaExt.m */; };
		5FE3EC062355A3E400C77F4D /* UIImage+LLGif.m in Sources */ = {isa = PBXBuildFile; fileRef = 5FE3EBD22355A3E400C77F4D /* UIImage+LLGif.m */; };
		5FE3EC072355A3E400C77F4D /* UIViewController+LLMediaExt.m in Sources */ = {isa = PBXBuildFile; fileRef = 5FE3EBD32355A3E400C77F4D /* UIViewController+LLMediaExt.m */; };
		5FE3EC082355A3E400C77F4D /* UIView+LLMediaExt.m in Sources */ = {isa = PBXBuildFile; fileRef = 5FE3EBD92355A3E400C77F4D /* UIView+LLMediaExt.m */; };
		5FE3EC092355A3E400C77F4D /* LICENSE in Resources */ = {isa = PBXBuildFile; fileRef = 5FE3EBDB2355A3E400C77F4D /* LICENSE */; };
		5FE3EC0A2355A3E400C77F4D /* LLImagePickerManager.m in Sources */ = {isa = PBXBuildFile; fileRef = 5FE3EBDD2355A3E400C77F4D /* LLImagePickerManager.m */; };
		5FE3EC0B2355A3E400C77F4D /* LLImagePickerModel.m in Sources */ = {isa = PBXBuildFile; fileRef = 5FE3EBE02355A3E400C77F4D /* LLImagePickerModel.m */; };
		5FE3EC0C2355A3E400C77F4D /* LLImagePickerView.m in Sources */ = {isa = PBXBuildFile; fileRef = 5FE3EBE32355A3E400C77F4D /* LLImagePickerView.m */; };
		5FE3EC0D2355A3E400C77F4D /* LLImagePickerCell.m in Sources */ = {isa = PBXBuildFile; fileRef = 5FE3EBE52355A3E400C77F4D /* LLImagePickerCell.m */; };
		5FE3EC0E2355A3E400C77F4D /* TZImageCropManager.m in Sources */ = {isa = PBXBuildFile; fileRef = 5FE3EBEA2355A3E400C77F4D /* TZImageCropManager.m */; };
		5FE3EC0F2355A3E400C77F4D /* TZAssetCell.m in Sources */ = {isa = PBXBuildFile; fileRef = 5FE3EBEC2355A3E400C77F4D /* TZAssetCell.m */; };
		5FE3EC102355A3E400C77F4D /* TZVideoPlayerController.m in Sources */ = {isa = PBXBuildFile; fileRef = 5FE3EBED2355A3E400C77F4D /* TZVideoPlayerController.m */; };
		5FE3EC112355A3E400C77F4D /* TZAssetModel.m in Sources */ = {isa = PBXBuildFile; fileRef = 5FE3EBEE2355A3E400C77F4D /* TZAssetModel.m */; };
		5FE3EC122355A3E400C77F4D /* NSBundle+TZImagePicker.m in Sources */ = {isa = PBXBuildFile; fileRef = 5FE3EBEF2355A3E400C77F4D /* NSBundle+TZImagePicker.m */; };
		5FE3EC132355A3E400C77F4D /* UIView+Layout.m in Sources */ = {isa = PBXBuildFile; fileRef = 5FE3EBF12355A3E400C77F4D /* UIView+Layout.m */; };
		5FE3EC142355A3E400C77F4D /* TZPhotoPreviewController.m in Sources */ = {isa = PBXBuildFile; fileRef = 5FE3EBF22355A3E400C77F4D /* TZPhotoPreviewController.m */; };
		5FE3EC152355A3E400C77F4D /* TZImagePickerController.bundle in Resources */ = {isa = PBXBuildFile; fileRef = 5FE3EBF32355A3E400C77F4D /* TZImagePickerController.bundle */; };
		5FE3EC162355A3E400C77F4D /* TZProgressView.m in Sources */ = {isa = PBXBuildFile; fileRef = 5FE3EBF42355A3E400C77F4D /* TZProgressView.m */; };
		5FE3EC172355A3E400C77F4D /* TZImageManager.m in Sources */ = {isa = PBXBuildFile; fileRef = 5FE3EBF72355A3E400C77F4D /* TZImageManager.m */; };
		5FE3EC182355A3E400C77F4D /* TZPhotoPickerController.m in Sources */ = {isa = PBXBuildFile; fileRef = 5FE3EBF92355A3E400C77F4D /* TZPhotoPickerController.m */; };
		5FE3EC192355A3E400C77F4D /* TZPhotoPreviewCell.m in Sources */ = {isa = PBXBuildFile; fileRef = 5FE3EBFA2355A3E400C77F4D /* TZPhotoPreviewCell.m */; };
		5FE3EC1A2355A3E400C77F4D /* TZImagePickerController.m in Sources */ = {isa = PBXBuildFile; fileRef = 5FE3EC002355A3E400C77F4D /* TZImagePickerController.m */; };
		5FE3EC1B2355A3E400C77F4D /* TZGifPhotoPreviewController.m in Sources */ = {isa = PBXBuildFile; fileRef = 5FE3EC012355A3E400C77F4D /* TZGifPhotoPreviewController.m */; };
		5FE3EC2C2355A4D700C77F4D /* NormalUse.m in Sources */ = {isa = PBXBuildFile; fileRef = 5FE3EC272355A4D700C77F4D /* NormalUse.m */; settings = {COMPILER_FLAGS = "-fno-objc-arc"; }; };
		5FE3EC3C2355AB8000C77F4D /* AgreementViewController.m in Sources */ = {isa = PBXBuildFile; fileRef = 5FE3EC2F2355AB8000C77F4D /* AgreementViewController.m */; };
		5FE3EC3E2355AB8000C77F4D /* AgreementViewController.xib in Resources */ = {isa = PBXBuildFile; fileRef = 5FE3EC322355AB8000C77F4D /* AgreementViewController.xib */; };
		5FE3EC5B2355B1B500C77F4D /* SheZhiViewController.m in Sources */ = {isa = PBXBuildFile; fileRef = 5FE3EC532355B1B500C77F4D /* SheZhiViewController.m */; };
		5FE3EC8E2355B28100C77F4D /* RongYChatViewController.m in Sources */ = {isa = PBXBuildFile; fileRef = 5FE3EC712355B28100C77F4D /* RongYChatViewController.m */; };
		5FE3EC972355B28100C77F4D /* RongYManager.m in Sources */ = {isa = PBXBuildFile; fileRef = 5FE3EC832355B28100C77F4D /* RongYManager.m */; };
		5FE3ECAF2355B73300C77F4D /* libc++.tbd in Frameworks */ = {isa = PBXBuildFile; fileRef = 5FE3ECAE2355B73300C77F4D /* libc++.tbd */; };
		5FE3ECBE2355B7AB00C77F4D /* XinXiListTableViewCell.m in Sources */ = {isa = PBXBuildFile; fileRef = 5FE3ECB62355B7AB00C77F4D /* XinXiListTableViewCell.m */; };
		5FE3ECC02355B7AB00C77F4D /* XinXiListViewController.m in Sources */ = {isa = PBXBuildFile; fileRef = 5FE3ECBB2355B7AB00C77F4D /* XinXiListViewController.m */; };
		5FF91A4E23BDA5F600DBF7BE /* StoreKit.framework in Frameworks */ = {isa = PBXBuildFile; fileRef = 5FF91A4D23BDA5F600DBF7BE /* StoreKit.framework */; };
		952938734DE84BA14A06AF18 /* libPods-JianZhi.a in Frameworks */ = {isa = PBXBuildFile; fileRef = 50DB7C1D0E204BDBD7ADC73D /* libPods-JianZhi.a */; };
/* End PBXBuildFile section */

/* Begin PBXFileReference section */
		04715AC323963D2A009CD914 /* KKlive.entitlements */ = {isa = PBXFileReference; lastKnownFileType = text.plist.entitlements; path = KKlive.entitlements; sourceTree = "<group>"; };
		10AF6F451413B0C5EC4B83CB /* Pods-NewChat.release.xcconfig */ = {isa = PBXFileReference; includeInIndex = 1; lastKnownFileType = text.xcconfig; name = "Pods-NewChat.release.xcconfig"; path = "Target Support Files/Pods-NewChat/Pods-NewChat.release.xcconfig"; sourceTree = "<group>"; };
		1ACB60475A30615544A412C1 /* Pods-NotesProject.debug.xcconfig */ = {isa = PBXFileReference; includeInIndex = 1; lastKnownFileType = text.xcconfig; name = "Pods-NotesProject.debug.xcconfig"; path = "Target Support Files/Pods-NotesProject/Pods-NotesProject.debug.xcconfig"; sourceTree = "<group>"; };
		3EAA70B96634DEB9F58F4FF5 /* Pods-JianZhi.release.xcconfig */ = {isa = PBXFileReference; includeInIndex = 1; lastKnownFileType = text.xcconfig; name = "Pods-JianZhi.release.xcconfig"; path = "Target Support Files/Pods-JianZhi/Pods-JianZhi.release.xcconfig"; sourceTree = "<group>"; };
		50DB7C1D0E204BDBD7ADC73D /* libPods-JianZhi.a */ = {isa = PBXFileReference; explicitFileType = archive.ar; includeInIndex = 0; path = "libPods-JianZhi.a"; sourceTree = BUILT_PRODUCTS_DIR; };
		5F22EBBE24ECF359002DCF61 /* HomeViewController.h */ = {isa = PBXFileReference; lastKnownFileType = sourcecode.c.h; path = HomeViewController.h; sourceTree = "<group>"; };
		5F22EBBF24ECF359002DCF61 /* HomeViewController.m */ = {isa = PBXFileReference; lastKnownFileType = sourcecode.c.objc; path = HomeViewController.m; sourceTree = "<group>"; };
		5F22EBC224ECF371002DCF61 /* GaoDuanViewController.h */ = {isa = PBXFileReference; lastKnownFileType = sourcecode.c.h; path = GaoDuanViewController.h; sourceTree = "<group>"; };
		5F22EBC324ECF371002DCF61 /* GaoDuanViewController.m */ = {isa = PBXFileReference; lastKnownFileType = sourcecode.c.objc; path = GaoDuanViewController.m; sourceTree = "<group>"; };
		5F22EBC524ECF389002DCF61 /* FuQiJiaoViewController.h */ = {isa = PBXFileReference; lastKnownFileType = sourcecode.c.h; path = FuQiJiaoViewController.h; sourceTree = "<group>"; };
		5F22EBC624ECF389002DCF61 /* FuQiJiaoViewController.m */ = {isa = PBXFileReference; lastKnownFileType = sourcecode.c.objc; path = FuQiJiaoViewController.m; sourceTree = "<group>"; };
		5F22EBC824ECF39E002DCF61 /* XiaoXiViewController.h */ = {isa = PBXFileReference; lastKnownFileType = sourcecode.c.h; path = XiaoXiViewController.h; sourceTree = "<group>"; };
		5F22EBC924ECF39E002DCF61 /* XiaoXiViewController.m */ = {isa = PBXFileReference; lastKnownFileType = sourcecode.c.objc; path = XiaoXiViewController.m; sourceTree = "<group>"; };
		5F22EBCB24ECF3A8002DCF61 /* MyCenterViewController.h */ = {isa = PBXFileReference; lastKnownFileType = sourcecode.c.h; path = MyCenterViewController.h; sourceTree = "<group>"; };
		5F22EBCC24ECF3A8002DCF61 /* MyCenterViewController.m */ = {isa = PBXFileReference; lastKnownFileType = sourcecode.c.objc; path = MyCenterViewController.m; sourceTree = "<group>"; };
		5F22EBCF24ECFAB3002DCF61 /* WSPageView.h */ = {isa = PBXFileReference; fileEncoding = 4; lastKnownFileType = sourcecode.c.h; path = WSPageView.h; sourceTree = "<group>"; };
		5F22EBD024ECFAB3002DCF61 /* WSIndexBanner.h */ = {isa = PBXFileReference; fileEncoding = 4; lastKnownFileType = sourcecode.c.h; path = WSIndexBanner.h; sourceTree = "<group>"; };
		5F22EBD124ECFAB3002DCF61 /* WSIndexBanner.m */ = {isa = PBXFileReference; fileEncoding = 4; lastKnownFileType = sourcecode.c.objc; path = WSIndexBanner.m; sourceTree = "<group>"; };
		5F22EBD224ECFAB3002DCF61 /* WSPageView.m */ = {isa = PBXFileReference; fileEncoding = 4; lastKnownFileType = sourcecode.c.objc; path = WSPageView.m; sourceTree = "<group>"; };
		5F34DCC324EE15CA00DE15A1 /* HomeListCell.h */ = {isa = PBXFileReference; lastKnownFileType = sourcecode.c.h; path = HomeListCell.h; sourceTree = "<group>"; };
		5F34DCC424EE15CA00DE15A1 /* HomeListCell.m */ = {isa = PBXFileReference; lastKnownFileType = sourcecode.c.objc; path = HomeListCell.m; sourceTree = "<group>"; };
		5F34DCC724EE4E2600DE15A1 /* GaoDuanHomeCell.h */ = {isa = PBXFileReference; lastKnownFileType = sourcecode.c.h; path = GaoDuanHomeCell.h; sourceTree = "<group>"; };
		5F34DCC824EE4E2600DE15A1 /* GaoDuanHomeCell.m */ = {isa = PBXFileReference; lastKnownFileType = sourcecode.c.objc; path = GaoDuanHomeCell.m; sourceTree = "<group>"; };
		5F34DCD724EE801E00DE15A1 /* FuQiJiaoHomeCell.h */ = {isa = PBXFileReference; lastKnownFileType = sourcecode.c.h; path = FuQiJiaoHomeCell.h; sourceTree = "<group>"; };
		5F34DCD824EE801E00DE15A1 /* FuQiJiaoHomeCell.m */ = {isa = PBXFileReference; lastKnownFileType = sourcecode.c.objc; path = FuQiJiaoHomeCell.m; sourceTree = "<group>"; };
		5F34DCDB24EF716500DE15A1 /* MyScrollView.h */ = {isa = PBXFileReference; lastKnownFileType = sourcecode.c.h; path = MyScrollView.h; sourceTree = "<group>"; };
		5F34DCDC24EF716500DE15A1 /* MyScrollView.m */ = {isa = PBXFileReference; lastKnownFileType = sourcecode.c.objc; path = MyScrollView.m; sourceTree = "<group>"; };
		5F34DCDE24EF744900DE15A1 /* TiYanBaoGaoViewController.h */ = {isa = PBXFileReference; lastKnownFileType = sourcecode.c.h; path = TiYanBaoGaoViewController.h; sourceTree = "<group>"; };
		5F34DCDF24EF744900DE15A1 /* TiYanBaoGaoViewController.m */ = {isa = PBXFileReference; lastKnownFileType = sourcecode.c.objc; path = TiYanBaoGaoViewController.m; sourceTree = "<group>"; };
		5F34DCE124EF769500DE15A1 /* HeiDianBaoGuangViewController.h */ = {isa = PBXFileReference; lastKnownFileType = sourcecode.c.h; path = HeiDianBaoGuangViewController.h; sourceTree = "<group>"; };
		5F34DCE224EF769500DE15A1 /* HeiDianBaoGuangViewController.m */ = {isa = PBXFileReference; lastKnownFileType = sourcecode.c.objc; path = HeiDianBaoGuangViewController.m; sourceTree = "<group>"; };
		5F34DCE424EF777400DE15A1 /* FangLeiFangPianViewController.h */ = {isa = PBXFileReference; lastKnownFileType = sourcecode.c.h; path = FangLeiFangPianViewController.h; sourceTree = "<group>"; };
		5F34DCE524EF777400DE15A1 /* FangLeiFangPianViewController.m */ = {isa = PBXFileReference; lastKnownFileType = sourcecode.c.objc; path = FangLeiFangPianViewController.m; sourceTree = "<group>"; };
		5F34DCEA24EF7A5900DE15A1 /* DingZhiFuWuViewController.h */ = {isa = PBXFileReference; lastKnownFileType = sourcecode.c.h; path = DingZhiFuWuViewController.h; sourceTree = "<group>"; };
		5F34DCEB24EF7A5900DE15A1 /* DingZhiFuWuViewController.m */ = {isa = PBXFileReference; lastKnownFileType = sourcecode.c.objc; path = DingZhiFuWuViewController.m; sourceTree = "<group>"; };
		5F34DCED24EF7D5000DE15A1 /* DingZhiFuWuTableViewCell.h */ = {isa = PBXFileReference; lastKnownFileType = sourcecode.c.h; path = DingZhiFuWuTableViewCell.h; sourceTree = "<group>"; };
		5F34DCEE24EF7D5000DE15A1 /* DingZhiFuWuTableViewCell.m */ = {isa = PBXFileReference; lastKnownFileType = sourcecode.c.objc; path = DingZhiFuWuTableViewCell.m; sourceTree = "<group>"; };
		5F34DCF324EFCEF000DE15A1 /* JingCaiFuLiViewController.h */ = {isa = PBXFileReference; lastKnownFileType = sourcecode.c.h; path = JingCaiFuLiViewController.h; sourceTree = "<group>"; };
		5F34DCF424EFCEF000DE15A1 /* JingCaiFuLiViewController.m */ = {isa = PBXFileReference; lastKnownFileType = sourcecode.c.objc; path = JingCaiFuLiViewController.m; sourceTree = "<group>"; };
		5F498D1123AB99830050AD19 /* GetCountryInfoViewController.h */ = {isa = PBXFileReference; lastKnownFileType = sourcecode.c.h; path = GetCountryInfoViewController.h; sourceTree = "<group>"; };
		5F498D1223AB99830050AD19 /* GetCountryInfoViewController.m */ = {isa = PBXFileReference; lastKnownFileType = sourcecode.c.objc; path = GetCountryInfoViewController.m; sourceTree = "<group>"; };
		5F54D5D12382709A00282C63 /* Flash.xib */ = {isa = PBXFileReference; fileEncoding = 4; lastKnownFileType = file.xib; path = Flash.xib; sourceTree = "<group>"; };
		5F8557BB2398DC6400BA1E18 /* Lable_ImageButton.m */ = {isa = PBXFileReference; fileEncoding = 4; lastKnownFileType = sourcecode.c.objc; path = Lable_ImageButton.m; sourceTree = "<group>"; };
		5F8557BC2398DC6400BA1E18 /* Lable_ImageButton.h */ = {isa = PBXFileReference; fileEncoding = 4; lastKnownFileType = sourcecode.c.h; path = Lable_ImageButton.h; sourceTree = "<group>"; };
		5F91C46624E6895200E835AB /* HTTPModel.m */ = {isa = PBXFileReference; fileEncoding = 4; lastKnownFileType = sourcecode.c.objc; path = HTTPModel.m; sourceTree = "<group>"; };
		5F91C46724E6895200E835AB /* AFAppDotNetAPIClient.m */ = {isa = PBXFileReference; fileEncoding = 4; lastKnownFileType = sourcecode.c.objc; path = AFAppDotNetAPIClient.m; sourceTree = "<group>"; };
		5F91C46824E6895200E835AB /* HTTPModel.h */ = {isa = PBXFileReference; fileEncoding = 4; lastKnownFileType = sourcecode.c.h; path = HTTPModel.h; sourceTree = "<group>"; };
		5F91C46924E6895200E835AB /* AFAppDotNetAPIClient.h */ = {isa = PBXFileReference; fileEncoding = 4; lastKnownFileType = sourcecode.c.h; path = AFAppDotNetAPIClient.h; sourceTree = "<group>"; };
		5FC7AD8A24D0080000EEEC66 /* SimulateIDFA.m */ = {isa = PBXFileReference; fileEncoding = 4; lastKnownFileType = sourcecode.c.objc; path = SimulateIDFA.m; sourceTree = "<group>"; };
		5FC7AD8B24D0080000EEEC66 /* SimulateIDFA.h */ = {isa = PBXFileReference; fileEncoding = 4; lastKnownFileType = sourcecode.c.h; path = SimulateIDFA.h; sourceTree = "<group>"; };
		5FDA455A2490EA0A00130D1E /* MyNavigationViewController.h */ = {isa = PBXFileReference; fileEncoding = 4; lastKnownFileType = sourcecode.c.h; path = MyNavigationViewController.h; sourceTree = "<group>"; };
		5FDA455B2490EA0A00130D1E /* MyNavigationViewController.m */ = {isa = PBXFileReference; fileEncoding = 4; lastKnownFileType = sourcecode.c.objc; path = MyNavigationViewController.m; sourceTree = "<group>"; };
		5FE3EA67235599D200C77F4D /* YoYo.app */ = {isa = PBXFileReference; explicitFileType = wrapper.application; includeInIndex = 0; path = YoYo.app; sourceTree = BUILT_PRODUCTS_DIR; };
		5FE3EA6A235599D200C77F4D /* AppDelegate.h */ = {isa = PBXFileReference; lastKnownFileType = sourcecode.c.h; path = AppDelegate.h; sourceTree = "<group>"; };
		5FE3EA6B235599D200C77F4D /* AppDelegate.m */ = {isa = PBXFileReference; lastKnownFileType = sourcecode.c.objc; path = AppDelegate.m; sourceTree = "<group>"; };
		5FE3EA70235599D200C77F4D /* ViewController.h */ = {isa = PBXFileReference; lastKnownFileType = sourcecode.c.h; path = ViewController.h; sourceTree = "<group>"; };
		5FE3EA71235599D200C77F4D /* ViewController.m */ = {isa = PBXFileReference; lastKnownFileType = sourcecode.c.objc; path = ViewController.m; sourceTree = "<group>"; };
		5FE3EA74235599D200C77F4D /* Base */ = {isa = PBXFileReference; lastKnownFileType = file.storyboard; name = Base; path = Base.lproj/Main.storyboard; sourceTree = "<group>"; };
		5FE3EA76235599D300C77F4D /* Assets.xcassets */ = {isa = PBXFileReference; lastKnownFileType = folder.assetcatalog; path = Assets.xcassets; sourceTree = "<group>"; };
		5FE3EA79235599D300C77F4D /* Base */ = {isa = PBXFileReference; lastKnownFileType = file.storyboard; name = Base; path = Base.lproj/LaunchScreen.storyboard; sourceTree = "<group>"; };
		5FE3EA7B235599D300C77F4D /* Info.plist */ = {isa = PBXFileReference; lastKnownFileType = text.plist.xml; path = Info.plist; sourceTree = "<group>"; };
		5FE3EA7C235599D300C77F4D /* main.m */ = {isa = PBXFileReference; lastKnownFileType = sourcecode.c.objc; path = main.m; sourceTree = "<group>"; };
		5FE3EA8423559A9200C77F4D /* PrefixHeader.pch */ = {isa = PBXFileReference; lastKnownFileType = sourcecode.c.h; path = PrefixHeader.pch; sourceTree = "<group>"; };
		5FE3EAC523559FB400C77F4D /* MainBaseViewController.m */ = {isa = PBXFileReference; fileEncoding = 4; lastKnownFileType = sourcecode.c.objc; path = MainBaseViewController.m; sourceTree = "<group>"; };
		5FE3EAC623559FB400C77F4D /* MainTabbarController.h */ = {isa = PBXFileReference; fileEncoding = 4; lastKnownFileType = sourcecode.c.h; path = MainTabbarController.h; sourceTree = "<group>"; };
		5FE3EAC723559FB400C77F4D /* MainTabbarController.m */ = {isa = PBXFileReference; fileEncoding = 4; lastKnownFileType = sourcecode.c.objc; path = MainTabbarController.m; sourceTree = "<group>"; };
		5FE3EAC823559FB400C77F4D /* MainBaseViewController.h */ = {isa = PBXFileReference; fileEncoding = 4; lastKnownFileType = sourcecode.c.h; path = MainBaseViewController.h; sourceTree = "<group>"; };
		5FE3EACB23559FE300C77F4D /* Consdfine.h */ = {isa = PBXFileReference; lastKnownFileType = sourcecode.c.h; path = Consdfine.h; sourceTree = "<group>"; };
		5FE3EACD2355A0EE00C77F4D /* NSData+Additions.h */ = {isa = PBXFileReference; fileEncoding = 4; lastKnownFileType = sourcecode.c.h; path = "NSData+Additions.h"; sourceTree = "<group>"; };
		5FE3EACE2355A0EE00C77F4D /* NSString+Additions.m */ = {isa = PBXFileReference; fileEncoding = 4; lastKnownFileType = sourcecode.c.objc; path = "NSString+Additions.m"; sourceTree = "<group>"; };
		5FE3EACF2355A0EE00C77F4D /* UIView+Additions.m */ = {isa = PBXFileReference; fileEncoding = 4; lastKnownFileType = sourcecode.c.objc; path = "UIView+Additions.m"; sourceTree = "<group>"; };
		5FE3EAD02355A0EE00C77F4D /* NSString+Additions.h */ = {isa = PBXFileReference; fileEncoding = 4; lastKnownFileType = sourcecode.c.h; path = "NSString+Additions.h"; sourceTree = "<group>"; };
		5FE3EAD12355A0EE00C77F4D /* NSData+Additions.m */ = {isa = PBXFileReference; fileEncoding = 4; lastKnownFileType = sourcecode.c.objc; path = "NSData+Additions.m"; sourceTree = "<group>"; };
		5FE3EAD22355A0EE00C77F4D /* UIView+Additions.h */ = {isa = PBXFileReference; fileEncoding = 4; lastKnownFileType = sourcecode.c.h; path = "UIView+Additions.h"; sourceTree = "<group>"; };
		5FE3EBCC2355A3E400C77F4D /* ACAlertController.m */ = {isa = PBXFileReference; fileEncoding = 4; lastKnownFileType = sourcecode.c.objc; path = ACAlertController.m; sourceTree = "<group>"; };
		5FE3EBCD2355A3E400C77F4D /* ACAlertController.h */ = {isa = PBXFileReference; fileEncoding = 4; lastKnownFileType = sourcecode.c.h; path = ACAlertController.h; sourceTree = "<group>"; };
		5FE3EBD02355A3E400C77F4D /* UIImageView+LLMediaExt.m */ = {isa = PBXFileReference; fileEncoding = 4; lastKnownFileType = sourcecode.c.objc; path = "UIImageView+LLMediaExt.m"; sourceTree = "<group>"; };
		5FE3EBD12355A3E400C77F4D /* NSString+LLMediaExt.m */ = {isa = PBXFileReference; fileEncoding = 4; lastKnownFileType = sourcecode.c.objc; path = "NSString+LLMediaExt.m"; sourceTree = "<group>"; };
		5FE3EBD22355A3E400C77F4D /* UIImage+LLGif.m */ = {isa = PBXFileReference; fileEncoding = 4; lastKnownFileType = sourcecode.c.objc; path = "UIImage+LLGif.m"; sourceTree = "<group>"; };
		5FE3EBD32355A3E400C77F4D /* UIViewController+LLMediaExt.m */ = {isa = PBXFileReference; fileEncoding = 4; lastKnownFileType = sourcecode.c.objc; path = "UIViewController+LLMediaExt.m"; sourceTree = "<group>"; };
		5FE3EBD42355A3E400C77F4D /* UIView+LLMediaExt.h */ = {isa = PBXFileReference; fileEncoding = 4; lastKnownFileType = sourcecode.c.h; path = "UIView+LLMediaExt.h"; sourceTree = "<group>"; };
		5FE3EBD52355A3E400C77F4D /* UIImageView+LLMediaExt.h */ = {isa = PBXFileReference; fileEncoding = 4; lastKnownFileType = sourcecode.c.h; path = "UIImageView+LLMediaExt.h"; sourceTree = "<group>"; };
		5FE3EBD62355A3E400C77F4D /* UIImage+LLGif.h */ = {isa = PBXFileReference; fileEncoding = 4; lastKnownFileType = sourcecode.c.h; path = "UIImage+LLGif.h"; sourceTree = "<group>"; };
		5FE3EBD72355A3E400C77F4D /* NSString+LLMediaExt.h */ = {isa = PBXFileReference; fileEncoding = 4; lastKnownFileType = sourcecode.c.h; path = "NSString+LLMediaExt.h"; sourceTree = "<group>"; };
		5FE3EBD82355A3E400C77F4D /* UIViewController+LLMediaExt.h */ = {isa = PBXFileReference; fileEncoding = 4; lastKnownFileType = sourcecode.c.h; path = "UIViewController+LLMediaExt.h"; sourceTree = "<group>"; };
		5FE3EBD92355A3E400C77F4D /* UIView+LLMediaExt.m */ = {isa = PBXFileReference; fileEncoding = 4; lastKnownFileType = sourcecode.c.objc; path = "UIView+LLMediaExt.m"; sourceTree = "<group>"; };
		5FE3EBDB2355A3E400C77F4D /* LICENSE */ = {isa = PBXFileReference; fileEncoding = 4; lastKnownFileType = text; path = LICENSE; sourceTree = "<group>"; };
		5FE3EBDD2355A3E400C77F4D /* LLImagePickerManager.m */ = {isa = PBXFileReference; fileEncoding = 4; lastKnownFileType = sourcecode.c.objc; path = LLImagePickerManager.m; sourceTree = "<group>"; };
		5FE3EBDE2355A3E400C77F4D /* LLImagePickerView.h */ = {isa = PBXFileReference; fileEncoding = 4; lastKnownFileType = sourcecode.c.h; path = LLImagePickerView.h; sourceTree = "<group>"; };
		5FE3EBDF2355A3E400C77F4D /* LLImagePickerCell.h */ = {isa = PBXFileReference; fileEncoding = 4; lastKnownFileType = sourcecode.c.h; path = LLImagePickerCell.h; sourceTree = "<group>"; };
		5FE3EBE02355A3E400C77F4D /* LLImagePickerModel.m */ = {isa = PBXFileReference; fileEncoding = 4; lastKnownFileType = sourcecode.c.objc; path = LLImagePickerModel.m; sourceTree = "<group>"; };
		5FE3EBE12355A3E400C77F4D /* LLImagePickerConst.h */ = {isa = PBXFileReference; fileEncoding = 4; lastKnownFileType = sourcecode.c.h; path = LLImagePickerConst.h; sourceTree = "<group>"; };
		5FE3EBE22355A3E400C77F4D /* LLImagePickerManager.h */ = {isa = PBXFileReference; fileEncoding = 4; lastKnownFileType = sourcecode.c.h; path = LLImagePickerManager.h; sourceTree = "<group>"; };
		5FE3EBE32355A3E400C77F4D /* LLImagePickerView.m */ = {isa = PBXFileReference; fileEncoding = 4; lastKnownFileType = sourcecode.c.objc; path = LLImagePickerView.m; sourceTree = "<group>"; };
		5FE3EBE42355A3E400C77F4D /* LLImagePickerModel.h */ = {isa = PBXFileReference; fileEncoding = 4; lastKnownFileType = sourcecode.c.h; path = LLImagePickerModel.h; sourceTree = "<group>"; };
		5FE3EBE52355A3E400C77F4D /* LLImagePickerCell.m */ = {isa = PBXFileReference; fileEncoding = 4; lastKnownFileType = sourcecode.c.objc; path = LLImagePickerCell.m; sourceTree = "<group>"; };
		5FE3EBE82355A3E400C77F4D /* TZPhotoPreviewCell.h */ = {isa = PBXFileReference; fileEncoding = 4; lastKnownFileType = sourcecode.c.h; path = TZPhotoPreviewCell.h; sourceTree = "<group>"; };
		5FE3EBE92355A3E400C77F4D /* TZPhotoPickerController.h */ = {isa = PBXFileReference; fileEncoding = 4; lastKnownFileType = sourcecode.c.h; path = TZPhotoPickerController.h; sourceTree = "<group>"; };
		5FE3EBEA2355A3E400C77F4D /* TZImageCropManager.m */ = {isa = PBXFileReference; fileEncoding = 4; lastKnownFileType = sourcecode.c.objc; path = TZImageCropManager.m; sourceTree = "<group>"; };
		5FE3EBEB2355A3E400C77F4D /* TZImageManager.h */ = {isa = PBXFileReference; fileEncoding = 4; lastKnownFileType = sourcecode.c.h; path = TZImageManager.h; sourceTree = "<group>"; };
		5FE3EBEC2355A3E400C77F4D /* TZAssetCell.m */ = {isa = PBXFileReference; fileEncoding = 4; lastKnownFileType = sourcecode.c.objc; path = TZAssetCell.m; sourceTree = "<group>"; };
		5FE3EBED2355A3E400C77F4D /* TZVideoPlayerController.m */ = {isa = PBXFileReference; fileEncoding = 4; lastKnownFileType = sourcecode.c.objc; path = TZVideoPlayerController.m; sourceTree = "<group>"; };
		5FE3EBEE2355A3E400C77F4D /* TZAssetModel.m */ = {isa = PBXFileReference; fileEncoding = 4; lastKnownFileType = sourcecode.c.objc; path = TZAssetModel.m; sourceTree = "<group>"; };
		5FE3EBEF2355A3E400C77F4D /* NSBundle+TZImagePicker.m */ = {isa = PBXFileReference; fileEncoding = 4; lastKnownFileType = sourcecode.c.objc; path = "NSBundle+TZImagePicker.m"; sourceTree = "<group>"; };
		5FE3EBF02355A3E400C77F4D /* TZImagePickerController.h */ = {isa = PBXFileReference; fileEncoding = 4; lastKnownFileType = sourcecode.c.h; path = TZImagePickerController.h; sourceTree = "<group>"; };
		5FE3EBF12355A3E400C77F4D /* UIView+Layout.m */ = {isa = PBXFileReference; fileEncoding = 4; lastKnownFileType = sourcecode.c.objc; path = "UIView+Layout.m"; sourceTree = "<group>"; };
		5FE3EBF22355A3E400C77F4D /* TZPhotoPreviewController.m */ = {isa = PBXFileReference; fileEncoding = 4; lastKnownFileType = sourcecode.c.objc; path = TZPhotoPreviewController.m; sourceTree = "<group>"; };
		5FE3EBF32355A3E400C77F4D /* TZImagePickerController.bundle */ = {isa = PBXFileReference; lastKnownFileType = "wrapper.plug-in"; path = TZImagePickerController.bundle; sourceTree = "<group>"; };
		5FE3EBF42355A3E400C77F4D /* TZProgressView.m */ = {isa = PBXFileReference; fileEncoding = 4; lastKnownFileType = sourcecode.c.objc; path = TZProgressView.m; sourceTree = "<group>"; };
		5FE3EBF52355A3E400C77F4D /* TZGifPhotoPreviewController.h */ = {isa = PBXFileReference; fileEncoding = 4; lastKnownFileType = sourcecode.c.h; path = TZGifPhotoPreviewController.h; sourceTree = "<group>"; };
		5FE3EBF62355A3E400C77F4D /* TZAssetCell.h */ = {isa = PBXFileReference; fileEncoding = 4; lastKnownFileType = sourcecode.c.h; path = TZAssetCell.h; sourceTree = "<group>"; };
		5FE3EBF72355A3E400C77F4D /* TZImageManager.m */ = {isa = PBXFileReference; fileEncoding = 4; lastKnownFileType = sourcecode.c.objc; path = TZImageManager.m; sourceTree = "<group>"; };
		5FE3EBF82355A3E400C77F4D /* TZImageCropManager.h */ = {isa = PBXFileReference; fileEncoding = 4; lastKnownFileType = sourcecode.c.h; path = TZImageCropManager.h; sourceTree = "<group>"; };
		5FE3EBF92355A3E400C77F4D /* TZPhotoPickerController.m */ = {isa = PBXFileReference; fileEncoding = 4; lastKnownFileType = sourcecode.c.objc; path = TZPhotoPickerController.m; sourceTree = "<group>"; };
		5FE3EBFA2355A3E400C77F4D /* TZPhotoPreviewCell.m */ = {isa = PBXFileReference; fileEncoding = 4; lastKnownFileType = sourcecode.c.objc; path = TZPhotoPreviewCell.m; sourceTree = "<group>"; };
		5FE3EBFB2355A3E400C77F4D /* NSBundle+TZImagePicker.h */ = {isa = PBXFileReference; fileEncoding = 4; lastKnownFileType = sourcecode.c.h; path = "NSBundle+TZImagePicker.h"; sourceTree = "<group>"; };
		5FE3EBFC2355A3E400C77F4D /* TZAssetModel.h */ = {isa = PBXFileReference; fileEncoding = 4; lastKnownFileType = sourcecode.c.h; path = TZAssetModel.h; sourceTree = "<group>"; };
		5FE3EBFD2355A3E400C77F4D /* TZVideoPlayerController.h */ = {isa = PBXFileReference; fileEncoding = 4; lastKnownFileType = sourcecode.c.h; path = TZVideoPlayerController.h; sourceTree = "<group>"; };
		5FE3EBFE2355A3E400C77F4D /* TZPhotoPreviewController.h */ = {isa = PBXFileReference; fileEncoding = 4; lastKnownFileType = sourcecode.c.h; path = TZPhotoPreviewController.h; sourceTree = "<group>"; };
		5FE3EBFF2355A3E400C77F4D /* UIView+Layout.h */ = {isa = PBXFileReference; fileEncoding = 4; lastKnownFileType = sourcecode.c.h; path = "UIView+Layout.h"; sourceTree = "<group>"; };
		5FE3EC002355A3E400C77F4D /* TZImagePickerController.m */ = {isa = PBXFileReference; fileEncoding = 4; lastKnownFileType = sourcecode.c.objc; path = TZImagePickerController.m; sourceTree = "<group>"; };
		5FE3EC012355A3E400C77F4D /* TZGifPhotoPreviewController.m */ = {isa = PBXFileReference; fileEncoding = 4; lastKnownFileType = sourcecode.c.objc; path = TZGifPhotoPreviewController.m; sourceTree = "<group>"; };
		5FE3EC022355A3E400C77F4D /* TZProgressView.h */ = {isa = PBXFileReference; fileEncoding = 4; lastKnownFileType = sourcecode.c.h; path = TZProgressView.h; sourceTree = "<group>"; };
		5FE3EC272355A4D700C77F4D /* NormalUse.m */ = {isa = PBXFileReference; fileEncoding = 4; lastKnownFileType = sourcecode.c.objc; path = NormalUse.m; sourceTree = "<group>"; };
		5FE3EC282355A4D700C77F4D /* NormalUse.h */ = {isa = PBXFileReference; fileEncoding = 4; lastKnownFileType = sourcecode.c.h; path = NormalUse.h; sourceTree = "<group>"; };
		5FE3EC2F2355AB8000C77F4D /* AgreementViewController.m */ = {isa = PBXFileReference; fileEncoding = 4; lastKnownFileType = sourcecode.c.objc; path = AgreementViewController.m; sourceTree = "<group>"; };
		5FE3EC322355AB8000C77F4D /* AgreementViewController.xib */ = {isa = PBXFileReference; fileEncoding = 4; lastKnownFileType = file.xib; path = AgreementViewController.xib; sourceTree = "<group>"; };
		5FE3EC362355AB8000C77F4D /* AgreementViewController.h */ = {isa = PBXFileReference; fileEncoding = 4; lastKnownFileType = sourcecode.c.h; path = AgreementViewController.h; sourceTree = "<group>"; };
		5FE3EC492355B1B500C77F4D /* SheZhiViewController.h */ = {isa = PBXFileReference; fileEncoding = 4; lastKnownFileType = sourcecode.c.h; path = SheZhiViewController.h; sourceTree = "<group>"; };
		5FE3EC532355B1B500C77F4D /* SheZhiViewController.m */ = {isa = PBXFileReference; fileEncoding = 4; lastKnownFileType = sourcecode.c.objc; path = SheZhiViewController.m; sourceTree = "<group>"; };
		5FE3EC5D2355B28100C77F4D /* RongYManager.h */ = {isa = PBXFileReference; fileEncoding = 4; lastKnownFileType = sourcecode.c.h; path = RongYManager.h; sourceTree = "<group>"; };
		5FE3EC712355B28100C77F4D /* RongYChatViewController.m */ = {isa = PBXFileReference; fileEncoding = 4; lastKnownFileType = sourcecode.c.objc; path = RongYChatViewController.m; sourceTree = "<group>"; };
		5FE3EC832355B28100C77F4D /* RongYManager.m */ = {isa = PBXFileReference; fileEncoding = 4; lastKnownFileType = sourcecode.c.objc; path = RongYManager.m; sourceTree = "<group>"; };
		5FE3EC842355B28100C77F4D /* RongYChatViewController.h */ = {isa = PBXFileReference; fileEncoding = 4; lastKnownFileType = sourcecode.c.h; path = RongYChatViewController.h; sourceTree = "<group>"; };
		5FE3ECAE2355B73300C77F4D /* libc++.tbd */ = {isa = PBXFileReference; lastKnownFileType = "sourcecode.text-based-dylib-definition"; name = "libc++.tbd"; path = "usr/lib/libc++.tbd"; sourceTree = SDKROOT; };
		5FE3ECB22355B7AB00C77F4D /* XinXiListViewController.h */ = {isa = PBXFileReference; fileEncoding = 4; lastKnownFileType = sourcecode.c.h; path = XinXiListViewController.h; sourceTree = "<group>"; };
		5FE3ECB62355B7AB00C77F4D /* XinXiListTableViewCell.m */ = {isa = PBXFileReference; fileEncoding = 4; lastKnownFileType = sourcecode.c.objc; path = XinXiListTableViewCell.m; sourceTree = "<group>"; };
		5FE3ECBA2355B7AB00C77F4D /* XinXiListTableViewCell.h */ = {isa = PBXFileReference; fileEncoding = 4; lastKnownFileType = sourcecode.c.h; path = XinXiListTableViewCell.h; sourceTree = "<group>"; };
		5FE3ECBB2355B7AB00C77F4D /* XinXiListViewController.m */ = {isa = PBXFileReference; fileEncoding = 4; lastKnownFileType = sourcecode.c.objc; path = XinXiListViewController.m; sourceTree = "<group>"; };
		5FF91A4D23BDA5F600DBF7BE /* StoreKit.framework */ = {isa = PBXFileReference; lastKnownFileType = wrapper.framework; name = StoreKit.framework; path = System/Library/Frameworks/StoreKit.framework; sourceTree = SDKROOT; };
		8599354A3006BA388BC34054 /* Pods-KKChat.release.xcconfig */ = {isa = PBXFileReference; includeInIndex = 1; lastKnownFileType = text.xcconfig; name = "Pods-KKChat.release.xcconfig"; path = "Target Support Files/Pods-KKChat/Pods-KKChat.release.xcconfig"; sourceTree = "<group>"; };
		9332B435C977DEF8E70DFC75 /* Pods-JianZhi.debug.xcconfig */ = {isa = PBXFileReference; includeInIndex = 1; lastKnownFileType = text.xcconfig; name = "Pods-JianZhi.debug.xcconfig"; path = "Target Support Files/Pods-JianZhi/Pods-JianZhi.debug.xcconfig"; sourceTree = "<group>"; };
		B3A092809789D91647CAD93A /* Pods-NotesProject.release.xcconfig */ = {isa = PBXFileReference; includeInIndex = 1; lastKnownFileType = text.xcconfig; name = "Pods-NotesProject.release.xcconfig"; path = "Target Support Files/Pods-NotesProject/Pods-NotesProject.release.xcconfig"; sourceTree = "<group>"; };
		DE90505324C22C9E0DB31144 /* Pods-KKChat.debug.xcconfig */ = {isa = PBXFileReference; includeInIndex = 1; lastKnownFileType = text.xcconfig; name = "Pods-KKChat.debug.xcconfig"; path = "Target Support Files/Pods-KKChat/Pods-KKChat.debug.xcconfig"; sourceTree = "<group>"; };
		EAFF20177A5B4C96D483A537 /* Pods-NewChat.debug.xcconfig */ = {isa = PBXFileReference; includeInIndex = 1; lastKnownFileType = text.xcconfig; name = "Pods-NewChat.debug.xcconfig"; path = "Target Support Files/Pods-NewChat/Pods-NewChat.debug.xcconfig"; sourceTree = "<group>"; };
/* End PBXFileReference section */

/* Begin PBXFrameworksBuildPhase section */
		5FE3EA64235599D200C77F4D /* Frameworks */ = {
			isa = PBXFrameworksBuildPhase;
			buildActionMask = 2147483647;
			files = (
				5FE3ECAF2355B73300C77F4D /* libc++.tbd in Frameworks */,
				5FF91A4E23BDA5F600DBF7BE /* StoreKit.framework in Frameworks */,
				952938734DE84BA14A06AF18 /* libPods-JianZhi.a in Frameworks */,
			);
			runOnlyForDeploymentPostprocessing = 0;
		};
/* End PBXFrameworksBuildPhase section */

/* Begin PBXGroup section */
		5F22EBB924ECF2A5002DCF61 /* HomeVC */ = {
			isa = PBXGroup;
			children = (
				5F34DCC224EE15A100DE15A1 /* VIewAndCell */,
				5F22EBBE24ECF359002DCF61 /* HomeViewController.h */,
				5F22EBBF24ECF359002DCF61 /* HomeViewController.m */,
				5F34DCDE24EF744900DE15A1 /* TiYanBaoGaoViewController.h */,
				5F34DCDF24EF744900DE15A1 /* TiYanBaoGaoViewController.m */,
				5F34DCE424EF777400DE15A1 /* FangLeiFangPianViewController.h */,
				5F34DCE524EF777400DE15A1 /* FangLeiFangPianViewController.m */,
				5F34DCE124EF769500DE15A1 /* HeiDianBaoGuangViewController.h */,
				5F34DCE224EF769500DE15A1 /* HeiDianBaoGuangViewController.m */,
				5F34DCEA24EF7A5900DE15A1 /* DingZhiFuWuViewController.h */,
				5F34DCEB24EF7A5900DE15A1 /* DingZhiFuWuViewController.m */,
			);
			path = HomeVC;
			sourceTree = "<group>";
		};
		5F22EBBA24ECF302002DCF61 /* GaoDuanVC */ = {
			isa = PBXGroup;
			children = (
				5F34DCC624EE4DE100DE15A1 /* ViewAndCell */,
				5F22EBC224ECF371002DCF61 /* GaoDuanViewController.h */,
				5F22EBC324ECF371002DCF61 /* GaoDuanViewController.m */,
			);
			path = GaoDuanVC;
			sourceTree = "<group>";
		};
		5F22EBBB24ECF30C002DCF61 /* FuQiJiaoVC */ = {
			isa = PBXGroup;
			children = (
				5F34DCDA24EE802300DE15A1 /* ViewAndCell */,
				5F22EBC524ECF389002DCF61 /* FuQiJiaoViewController.h */,
				5F22EBC624ECF389002DCF61 /* FuQiJiaoViewController.m */,
			);
			path = FuQiJiaoVC;
			sourceTree = "<group>";
		};
		5F22EBBC24ECF317002DCF61 /* XiaoXiVC */ = {
			isa = PBXGroup;
			children = (
				5F34DCF324EFCEF000DE15A1 /* JingCaiFuLiViewController.h */,
				5F34DCF424EFCEF000DE15A1 /* JingCaiFuLiViewController.m */,
				5F22EBC824ECF39E002DCF61 /* XiaoXiViewController.h */,
				5F22EBC924ECF39E002DCF61 /* XiaoXiViewController.m */,
			);
			path = XiaoXiVC;
			sourceTree = "<group>";
		};
		5F22EBBD24ECF31F002DCF61 /* MyVC */ = {
			isa = PBXGroup;
			children = (
				5F22EBCB24ECF3A8002DCF61 /* MyCenterViewController.h */,
				5F22EBCC24ECF3A8002DCF61 /* MyCenterViewController.m */,
				5FE3EC492355B1B500C77F4D /* SheZhiViewController.h */,
				5FE3EC532355B1B500C77F4D /* SheZhiViewController.m */,
			);
			path = MyVC;
			sourceTree = "<group>";
		};
		5F22EBCE24ECFAB3002DCF61 /* WspageView */ = {
			isa = PBXGroup;
			children = (
				5F22EBCF24ECFAB3002DCF61 /* WSPageView.h */,
				5F22EBD224ECFAB3002DCF61 /* WSPageView.m */,
				5F22EBD024ECFAB3002DCF61 /* WSIndexBanner.h */,
				5F22EBD124ECFAB3002DCF61 /* WSIndexBanner.m */,
			);
			path = WspageView;
			sourceTree = "<group>";
		};
		5F34DCC224EE15A100DE15A1 /* VIewAndCell */ = {
			isa = PBXGroup;
			children = (
				5F34DCC324EE15CA00DE15A1 /* HomeListCell.h */,
				5F34DCC424EE15CA00DE15A1 /* HomeListCell.m */,
				5F34DCED24EF7D5000DE15A1 /* DingZhiFuWuTableViewCell.h */,
				5F34DCEE24EF7D5000DE15A1 /* DingZhiFuWuTableViewCell.m */,
			);
			path = VIewAndCell;
			sourceTree = "<group>";
		};
		5F34DCC624EE4DE100DE15A1 /* ViewAndCell */ = {
			isa = PBXGroup;
			children = (
				5F34DCC724EE4E2600DE15A1 /* GaoDuanHomeCell.h */,
				5F34DCC824EE4E2600DE15A1 /* GaoDuanHomeCell.m */,
			);
			path = ViewAndCell;
			sourceTree = "<group>";
		};
		5F34DCDA24EE802300DE15A1 /* ViewAndCell */ = {
			isa = PBXGroup;
			children = (
				5F34DCD724EE801E00DE15A1 /* FuQiJiaoHomeCell.h */,
				5F34DCD824EE801E00DE15A1 /* FuQiJiaoHomeCell.m */,
			);
			path = ViewAndCell;
			sourceTree = "<group>";
		};
		5F691555237521CE00646D13 /* View */ = {
			isa = PBXGroup;
			children = (
				5F22EBCE24ECFAB3002DCF61 /* WspageView */,
				5F8557BC2398DC6400BA1E18 /* Lable_ImageButton.h */,
				5F8557BB2398DC6400BA1E18 /* Lable_ImageButton.m */,
				5F34DCDB24EF716500DE15A1 /* MyScrollView.h */,
				5F34DCDC24EF716500DE15A1 /* MyScrollView.m */,
			);
			path = View;
			sourceTree = "<group>";
		};
		5F91C46524E6895200E835AB /* Manger */ = {
			isa = PBXGroup;
			children = (
				5F91C46824E6895200E835AB /* HTTPModel.h */,
				5F91C46624E6895200E835AB /* HTTPModel.m */,
				5F91C46924E6895200E835AB /* AFAppDotNetAPIClient.h */,
				5F91C46724E6895200E835AB /* AFAppDotNetAPIClient.m */,
			);
			path = Manger;
			sourceTree = "<group>";
		};
		5FE3EA5E235599D200C77F4D = {
			isa = PBXGroup;
			children = (
				5FE3EA69235599D200C77F4D /* NotesProject */,
				5FE3EA68235599D200C77F4D /* Products */,
				827B57A553D58D92A1EE52EC /* Pods */,
				C81195F2B9733448F25307ED /* Frameworks */,
			);
			sourceTree = "<group>";
		};
		5FE3EA68235599D200C77F4D /* Products */ = {
			isa = PBXGroup;
			children = (
				5FE3EA67235599D200C77F4D /* YoYo.app */,
			);
			name = Products;
			sourceTree = "<group>";
		};
		5FE3EA69235599D200C77F4D /* NotesProject */ = {
			isa = PBXGroup;
			children = (
				04715AC323963D2A009CD914 /* KKlive.entitlements */,
				5F54D5D12382709A00282C63 /* Flash.xib */,
				5F691555237521CE00646D13 /* View */,
				5FE3EBC92355A39600C77F4D /* ThirdPartyVC */,
				5FE3EAD62355A12600C77F4D /* Tools */,
				5F91C46524E6895200E835AB /* Manger */,
				5FE3EACC2355A0EE00C77F4D /* Category */,
				5FE3EA8523559DB800C77F4D /* VC */,
				5FE3EA8323559A7E00C77F4D /* Normal */,
				5FE3EA6A235599D200C77F4D /* AppDelegate.h */,
				5FE3EA6B235599D200C77F4D /* AppDelegate.m */,
				5FE3EA70235599D200C77F4D /* ViewController.h */,
				5FE3EA71235599D200C77F4D /* ViewController.m */,
				5FE3EA73235599D200C77F4D /* Main.storyboard */,
				5FE3EA76235599D300C77F4D /* Assets.xcassets */,
				5FE3EA78235599D300C77F4D /* LaunchScreen.storyboard */,
				5FE3EA7B235599D300C77F4D /* Info.plist */,
				5FE3EA7C235599D300C77F4D /* main.m */,
			);
			path = NotesProject;
			sourceTree = "<group>";
		};
		5FE3EA8323559A7E00C77F4D /* Normal */ = {
			isa = PBXGroup;
			children = (
				5FE3EC282355A4D700C77F4D /* NormalUse.h */,
				5FE3EC272355A4D700C77F4D /* NormalUse.m */,
				5FE3EA8423559A9200C77F4D /* PrefixHeader.pch */,
				5FE3EACB23559FE300C77F4D /* Consdfine.h */,
			);
			path = Normal;
			sourceTree = "<group>";
		};
		5FE3EA8523559DB800C77F4D /* VC */ = {
			isa = PBXGroup;
			children = (
				5F22EBB924ECF2A5002DCF61 /* HomeVC */,
				5F22EBBA24ECF302002DCF61 /* GaoDuanVC */,
				5F22EBBB24ECF30C002DCF61 /* FuQiJiaoVC */,
				5F22EBBC24ECF317002DCF61 /* XiaoXiVC */,
				5F22EBBD24ECF31F002DCF61 /* MyVC */,
				5FE3EC5C2355B28100C77F4D /* RongYViewController */,
				5FE3ECB02355B7AB00C77F4D /* XinXiVC */,
				5FE3EC2D2355AB8000C77F4D /* DengLuVC */,
				5FE3EAC423559F8D00C77F4D /* JiChuVC */,
			);
			path = VC;
			sourceTree = "<group>";
		};
		5FE3EAC423559F8D00C77F4D /* JiChuVC */ = {
			isa = PBXGroup;
			children = (
				5FDA455A2490EA0A00130D1E /* MyNavigationViewController.h */,
				5FDA455B2490EA0A00130D1E /* MyNavigationViewController.m */,
				5FE3EAC823559FB400C77F4D /* MainBaseViewController.h */,
				5FE3EAC523559FB400C77F4D /* MainBaseViewController.m */,
				5FE3EAC623559FB400C77F4D /* MainTabbarController.h */,
				5FE3EAC723559FB400C77F4D /* MainTabbarController.m */,
			);
			path = JiChuVC;
			sourceTree = "<group>";
		};
		5FE3EACC2355A0EE00C77F4D /* Category */ = {
			isa = PBXGroup;
			children = (
				5FE3EACD2355A0EE00C77F4D /* NSData+Additions.h */,
				5FE3EAD12355A0EE00C77F4D /* NSData+Additions.m */,
				5FE3EACE2355A0EE00C77F4D /* NSString+Additions.m */,
				5FE3EAD02355A0EE00C77F4D /* NSString+Additions.h */,
				5FE3EAD22355A0EE00C77F4D /* UIView+Additions.h */,
				5FE3EACF2355A0EE00C77F4D /* UIView+Additions.m */,
			);
			path = Category;
			sourceTree = "<group>";
		};
		5FE3EAD62355A12600C77F4D /* Tools */ = {
			isa = PBXGroup;
			children = (
				5FC7AD8B24D0080000EEEC66 /* SimulateIDFA.h */,
				5FC7AD8A24D0080000EEEC66 /* SimulateIDFA.m */,
			);
			path = Tools;
			sourceTree = "<group>";
		};
		5FE3EBC92355A39600C77F4D /* ThirdPartyVC */ = {
			isa = PBXGroup;
			children = (
				5FE3EBCA2355A3E400C77F4D /* ACAlertController */,
				5FE3EBCE2355A3E400C77F4D /* TZImagePickerController */,
			);
			path = ThirdPartyVC;
			sourceTree = "<group>";
		};
		5FE3EBCA2355A3E400C77F4D /* ACAlertController */ = {
			isa = PBXGroup;
			children = (
				5FE3EBCB2355A3E400C77F4D /* ACAlertController */,
			);
			path = ACAlertController;
			sourceTree = "<group>";
		};
		5FE3EBCB2355A3E400C77F4D /* ACAlertController */ = {
			isa = PBXGroup;
			children = (
				5FE3EBCC2355A3E400C77F4D /* ACAlertController.m */,
				5FE3EBCD2355A3E400C77F4D /* ACAlertController.h */,
			);
			path = ACAlertController;
			sourceTree = "<group>";
		};
		5FE3EBCE2355A3E400C77F4D /* TZImagePickerController */ = {
			isa = PBXGroup;
			children = (
				5FE3EBCF2355A3E400C77F4D /* TZImagePickerLibary */,
				5FE3EBDA2355A3E400C77F4D /* TZImagePickerController */,
			);
			path = TZImagePickerController;
			sourceTree = "<group>";
		};
		5FE3EBCF2355A3E400C77F4D /* TZImagePickerLibary */ = {
			isa = PBXGroup;
			children = (
				5FE3EBD02355A3E400C77F4D /* UIImageView+LLMediaExt.m */,
				5FE3EBD12355A3E400C77F4D /* NSString+LLMediaExt.m */,
				5FE3EBD22355A3E400C77F4D /* UIImage+LLGif.m */,
				5FE3EBD32355A3E400C77F4D /* UIViewController+LLMediaExt.m */,
				5FE3EBD42355A3E400C77F4D /* UIView+LLMediaExt.h */,
				5FE3EBD52355A3E400C77F4D /* UIImageView+LLMediaExt.h */,
				5FE3EBD62355A3E400C77F4D /* UIImage+LLGif.h */,
				5FE3EBD72355A3E400C77F4D /* NSString+LLMediaExt.h */,
				5FE3EBD82355A3E400C77F4D /* UIViewController+LLMediaExt.h */,
				5FE3EBD92355A3E400C77F4D /* UIView+LLMediaExt.m */,
			);
			path = TZImagePickerLibary;
			sourceTree = "<group>";
		};
		5FE3EBDA2355A3E400C77F4D /* TZImagePickerController */ = {
			isa = PBXGroup;
			children = (
				5FE3EBDB2355A3E400C77F4D /* LICENSE */,
				5FE3EBDC2355A3E400C77F4D /* LLImagePickerView */,
				5FE3EBE62355A3E400C77F4D /* TZImagePickerController */,
			);
			path = TZImagePickerController;
			sourceTree = "<group>";
		};
		5FE3EBDC2355A3E400C77F4D /* LLImagePickerView */ = {
			isa = PBXGroup;
			children = (
				5FE3EBDD2355A3E400C77F4D /* LLImagePickerManager.m */,
				5FE3EBDE2355A3E400C77F4D /* LLImagePickerView.h */,
				5FE3EBDF2355A3E400C77F4D /* LLImagePickerCell.h */,
				5FE3EBE02355A3E400C77F4D /* LLImagePickerModel.m */,
				5FE3EBE12355A3E400C77F4D /* LLImagePickerConst.h */,
				5FE3EBE22355A3E400C77F4D /* LLImagePickerManager.h */,
				5FE3EBE32355A3E400C77F4D /* LLImagePickerView.m */,
				5FE3EBE42355A3E400C77F4D /* LLImagePickerModel.h */,
				5FE3EBE52355A3E400C77F4D /* LLImagePickerCell.m */,
			);
			path = LLImagePickerView;
			sourceTree = "<group>";
		};
		5FE3EBE62355A3E400C77F4D /* TZImagePickerController */ = {
			isa = PBXGroup;
			children = (
				5FE3EBE72355A3E400C77F4D /* TZImagePickerController */,
			);
			path = TZImagePickerController;
			sourceTree = "<group>";
		};
		5FE3EBE72355A3E400C77F4D /* TZImagePickerController */ = {
			isa = PBXGroup;
			children = (
				5FE3EBE82355A3E400C77F4D /* TZPhotoPreviewCell.h */,
				5FE3EBE92355A3E400C77F4D /* TZPhotoPickerController.h */,
				5FE3EBEA2355A3E400C77F4D /* TZImageCropManager.m */,
				5FE3EBEB2355A3E400C77F4D /* TZImageManager.h */,
				5FE3EBEC2355A3E400C77F4D /* TZAssetCell.m */,
				5FE3EBED2355A3E400C77F4D /* TZVideoPlayerController.m */,
				5FE3EBEE2355A3E400C77F4D /* TZAssetModel.m */,
				5FE3EBEF2355A3E400C77F4D /* NSBundle+TZImagePicker.m */,
				5FE3EBF02355A3E400C77F4D /* TZImagePickerController.h */,
				5FE3EBF12355A3E400C77F4D /* UIView+Layout.m */,
				5FE3EBF22355A3E400C77F4D /* TZPhotoPreviewController.m */,
				5FE3EBF32355A3E400C77F4D /* TZImagePickerController.bundle */,
				5FE3EBF42355A3E400C77F4D /* TZProgressView.m */,
				5FE3EBF52355A3E400C77F4D /* TZGifPhotoPreviewController.h */,
				5FE3EBF62355A3E400C77F4D /* TZAssetCell.h */,
				5FE3EBF72355A3E400C77F4D /* TZImageManager.m */,
				5FE3EBF82355A3E400C77F4D /* TZImageCropManager.h */,
				5FE3EBF92355A3E400C77F4D /* TZPhotoPickerController.m */,
				5FE3EBFA2355A3E400C77F4D /* TZPhotoPreviewCell.m */,
				5FE3EBFB2355A3E400C77F4D /* NSBundle+TZImagePicker.h */,
				5FE3EBFC2355A3E400C77F4D /* TZAssetModel.h */,
				5FE3EBFD2355A3E400C77F4D /* TZVideoPlayerController.h */,
				5FE3EBFE2355A3E400C77F4D /* TZPhotoPreviewController.h */,
				5FE3EBFF2355A3E400C77F4D /* UIView+Layout.h */,
				5FE3EC002355A3E400C77F4D /* TZImagePickerController.m */,
				5FE3EC012355A3E400C77F4D /* TZGifPhotoPreviewController.m */,
				5FE3EC022355A3E400C77F4D /* TZProgressView.h */,
			);
			path = TZImagePickerController;
			sourceTree = "<group>";
		};
		5FE3EC2D2355AB8000C77F4D /* DengLuVC */ = {
			isa = PBXGroup;
			children = (
				5FE3EC362355AB8000C77F4D /* AgreementViewController.h */,
				5FE3EC2F2355AB8000C77F4D /* AgreementViewController.m */,
				5FE3EC322355AB8000C77F4D /* AgreementViewController.xib */,
				5F498D1123AB99830050AD19 /* GetCountryInfoViewController.h */,
				5F498D1223AB99830050AD19 /* GetCountryInfoViewController.m */,
			);
			path = DengLuVC;
			sourceTree = "<group>";
		};
		5FE3EC5C2355B28100C77F4D /* RongYViewController */ = {
			isa = PBXGroup;
			children = (
				5FE3EC842355B28100C77F4D /* RongYChatViewController.h */,
				5FE3EC712355B28100C77F4D /* RongYChatViewController.m */,
				5FE3EC5D2355B28100C77F4D /* RongYManager.h */,
				5FE3EC832355B28100C77F4D /* RongYManager.m */,
			);
			path = RongYViewController;
			sourceTree = "<group>";
		};
		5FE3ECB02355B7AB00C77F4D /* XinXiVC */ = {
			isa = PBXGroup;
			children = (
				5FE3ECB42355B7AB00C77F4D /* TableViewCell */,
				5FE3ECB22355B7AB00C77F4D /* XinXiListViewController.h */,
				5FE3ECBB2355B7AB00C77F4D /* XinXiListViewController.m */,
			);
			path = XinXiVC;
			sourceTree = "<group>";
		};
		5FE3ECB42355B7AB00C77F4D /* TableViewCell */ = {
			isa = PBXGroup;
			children = (
				5FE3ECBA2355B7AB00C77F4D /* XinXiListTableViewCell.h */,
				5FE3ECB62355B7AB00C77F4D /* XinXiListTableViewCell.m */,
			);
			path = TableViewCell;
			sourceTree = "<group>";
		};
		827B57A553D58D92A1EE52EC /* Pods */ = {
			isa = PBXGroup;
			children = (
				1ACB60475A30615544A412C1 /* Pods-NotesProject.debug.xcconfig */,
				B3A092809789D91647CAD93A /* Pods-NotesProject.release.xcconfig */,
				DE90505324C22C9E0DB31144 /* Pods-KKChat.debug.xcconfig */,
				8599354A3006BA388BC34054 /* Pods-KKChat.release.xcconfig */,
				EAFF20177A5B4C96D483A537 /* Pods-NewChat.debug.xcconfig */,
				10AF6F451413B0C5EC4B83CB /* Pods-NewChat.release.xcconfig */,
				9332B435C977DEF8E70DFC75 /* Pods-JianZhi.debug.xcconfig */,
				3EAA70B96634DEB9F58F4FF5 /* Pods-JianZhi.release.xcconfig */,
			);
			path = Pods;
			sourceTree = "<group>";
		};
		C81195F2B9733448F25307ED /* Frameworks */ = {
			isa = PBXGroup;
			children = (
				5FF91A4D23BDA5F600DBF7BE /* StoreKit.framework */,
				5FE3ECAE2355B73300C77F4D /* libc++.tbd */,
				50DB7C1D0E204BDBD7ADC73D /* libPods-JianZhi.a */,
			);
			name = Frameworks;
			sourceTree = "<group>";
		};
/* End PBXGroup section */

/* Begin PBXNativeTarget section */
		5FE3EA66235599D200C77F4D /* JianZhi */ = {
			isa = PBXNativeTarget;
			buildConfigurationList = 5FE3EA80235599D300C77F4D /* Build configuration list for PBXNativeTarget "JianZhi" */;
			buildPhases = (
				7EE1D8147FBE95094332A90A /* [CP] Check Pods Manifest.lock */,
				5FE3EA63235599D200C77F4D /* Sources */,
				5FE3EA64235599D200C77F4D /* Frameworks */,
				5FE3EA65235599D200C77F4D /* Resources */,
				09D1D7D3AB46E306E42FC376 /* [CP] Copy Pods Resources */,
			);
			buildRules = (
			);
			dependencies = (
			);
			name = JianZhi;
			productName = NotesProject;
			productReference = 5FE3EA67235599D200C77F4D /* YoYo.app */;
			productType = "com.apple.product-type.application";
		};
/* End PBXNativeTarget section */

/* Begin PBXProject section */
		5FE3EA5F235599D200C77F4D /* Project object */ = {
			isa = PBXProject;
			attributes = {
				LastUpgradeCheck = 1100;
				ORGANIZATIONNAME = Meng;
				TargetAttributes = {
					5FE3EA66235599D200C77F4D = {
						CreatedOnToolsVersion = 11.0;
					};
				};
			};
			buildConfigurationList = 5FE3EA62235599D200C77F4D /* Build configuration list for PBXProject "JianZhi" */;
			compatibilityVersion = "Xcode 9.3";
			developmentRegion = en;
			hasScannedForEncodings = 0;
			knownRegions = (
				en,
				Base,
				ar,
				"id-ID",
				hi,
			);
			mainGroup = 5FE3EA5E235599D200C77F4D;
			productRefGroup = 5FE3EA68235599D200C77F4D /* Products */;
			projectDirPath = "";
			projectRoot = "";
			targets = (
				5FE3EA66235599D200C77F4D /* JianZhi */,
			);
		};
/* End PBXProject section */

/* Begin PBXResourcesBuildPhase section */
		5FE3EA65235599D200C77F4D /* Resources */ = {
			isa = PBXResourcesBuildPhase;
			buildActionMask = 2147483647;
			files = (
				5FE3EA7A235599D300C77F4D /* LaunchScreen.storyboard in Resources */,
				5FE3EA77235599D300C77F4D /* Assets.xcassets in Resources */,
				5FE3EC3E2355AB8000C77F4D /* AgreementViewController.xib in Resources */,
				5F54D5D22382709A00282C63 /* Flash.xib in Resources */,
				5FE3EC152355A3E400C77F4D /* TZImagePickerController.bundle in Resources */,
				5FE3EC092355A3E400C77F4D /* LICENSE in Resources */,
				5FE3EA75235599D200C77F4D /* Main.storyboard in Resources */,
			);
			runOnlyForDeploymentPostprocessing = 0;
		};
/* End PBXResourcesBuildPhase section */

/* Begin PBXShellScriptBuildPhase section */
		09D1D7D3AB46E306E42FC376 /* [CP] Copy Pods Resources */ = {
			isa = PBXShellScriptBuildPhase;
			buildActionMask = 2147483647;
			files = (
			);
			inputFileListPaths = (
				"${PODS_ROOT}/Target Support Files/Pods-JianZhi/Pods-JianZhi-resources-${CONFIGURATION}-input-files.xcfilelist",
			);
			name = "[CP] Copy Pods Resources";
			outputFileListPaths = (
				"${PODS_ROOT}/Target Support Files/Pods-JianZhi/Pods-JianZhi-resources-${CONFIGURATION}-output-files.xcfilelist",
			);
			runOnlyForDeploymentPostprocessing = 0;
			shellPath = /bin/sh;
			shellScript = "\"${PODS_ROOT}/Target Support Files/Pods-JianZhi/Pods-JianZhi-resources.sh\"\n";
			showEnvVarsInLog = 0;
		};
		7EE1D8147FBE95094332A90A /* [CP] Check Pods Manifest.lock */ = {
			isa = PBXShellScriptBuildPhase;
			buildActionMask = 2147483647;
			files = (
			);
			inputFileListPaths = (
			);
			inputPaths = (
				"${PODS_PODFILE_DIR_PATH}/Podfile.lock",
				"${PODS_ROOT}/Manifest.lock",
			);
			name = "[CP] Check Pods Manifest.lock";
			outputFileListPaths = (
			);
			outputPaths = (
				"$(DERIVED_FILE_DIR)/Pods-JianZhi-checkManifestLockResult.txt",
			);
			runOnlyForDeploymentPostprocessing = 0;
			shellPath = /bin/sh;
			shellScript = "diff \"${PODS_PODFILE_DIR_PATH}/Podfile.lock\" \"${PODS_ROOT}/Manifest.lock\" > /dev/null\nif [ $? != 0 ] ; then\n    # print error to STDERR\n    echo \"error: The sandbox is not in sync with the Podfile.lock. Run 'pod install' or update your CocoaPods installation.\" >&2\n    exit 1\nfi\n# This output is used by Xcode 'outputs' to avoid re-running this script phase.\necho \"SUCCESS\" > \"${SCRIPT_OUTPUT_FILE_0}\"\n";
			showEnvVarsInLog = 0;
		};
/* End PBXShellScriptBuildPhase section */

/* Begin PBXSourcesBuildPhase section */
		5FE3EA63235599D200C77F4D /* Sources */ = {
			isa = PBXSourcesBuildPhase;
			buildActionMask = 2147483647;
			files = (
				5F34DCD924EE801E00DE15A1 /* FuQiJiaoHomeCell.m in Sources */,
				5FC7AD8C24D0080000EEEC66 /* SimulateIDFA.m in Sources */,
				5F34DCE024EF744900DE15A1 /* TiYanBaoGaoViewController.m in Sources */,
				5FE3EAD42355A0EE00C77F4D /* UIView+Additions.m in Sources */,
				5F34DCDD24EF716500DE15A1 /* MyScrollView.m in Sources */,
				5FE3EC052355A3E400C77F4D /* NSString+LLMediaExt.m in Sources */,
				5FE3EC2C2355A4D700C77F4D /* NormalUse.m in Sources */,
				5F34DCF524EFCEF000DE15A1 /* JingCaiFuLiViewController.m in Sources */,
				5FE3EC972355B28100C77F4D /* RongYManager.m in Sources */,
				5FE3EC132355A3E400C77F4D /* UIView+Layout.m in Sources */,
				5F22EBD424ECFAB3002DCF61 /* WSPageView.m in Sources */,
				5FE3EAD52355A0EE00C77F4D /* NSData+Additions.m in Sources */,
				5F22EBCD24ECF3A8002DCF61 /* MyCenterViewController.m in Sources */,
				5FE3EC0D2355A3E400C77F4D /* LLImagePickerCell.m in Sources */,
				5F8557BD2398DC6400BA1E18 /* Lable_ImageButton.m in Sources */,
				5FE3EA72235599D200C77F4D /* ViewController.m in Sources */,
				5F22EBC724ECF389002DCF61 /* FuQiJiaoViewController.m in Sources */,
				5F34DCEF24EF7D5000DE15A1 /* DingZhiFuWuTableViewCell.m in Sources */,
				5FE3EC3C2355AB8000C77F4D /* AgreementViewController.m in Sources */,
				5F22EBD324ECFAB3002DCF61 /* WSIndexBanner.m in Sources */,
				5FE3EC0A2355A3E400C77F4D /* LLImagePickerManager.m in Sources */,
				5F22EBC024ECF359002DCF61 /* HomeViewController.m in Sources */,
				5F34DCEC24EF7A5900DE15A1 /* DingZhiFuWuViewController.m in Sources */,
				5FE3EC8E2355B28100C77F4D /* RongYChatViewController.m in Sources */,
				5FE3EACA23559FB400C77F4D /* MainTabbarController.m in Sources */,
				5FE3EC0E2355A3E400C77F4D /* TZImageCropManager.m in Sources */,
				5FE3EC0F2355A3E400C77F4D /* TZAssetCell.m in Sources */,
				5F91C46A24E6895200E835AB /* HTTPModel.m in Sources */,
				5FE3EC062355A3E400C77F4D /* UIImage+LLGif.m in Sources */,
				5FE3EC1B2355A3E400C77F4D /* TZGifPhotoPreviewController.m in Sources */,
				5F34DCE624EF777400DE15A1 /* FangLeiFangPianViewController.m in Sources */,
				5F34DCE324EF769500DE15A1 /* HeiDianBaoGuangViewController.m in Sources */,
				5FE3EC102355A3E400C77F4D /* TZVideoPlayerController.m in Sources */,
				5FE3EA6C235599D200C77F4D /* AppDelegate.m in Sources */,
				5FE3EC082355A3E400C77F4D /* UIView+LLMediaExt.m in Sources */,
				5FE3EC192355A3E400C77F4D /* TZPhotoPreviewCell.m in Sources */,
				5FE3EC072355A3E400C77F4D /* UIViewController+LLMediaExt.m in Sources */,
				5FE3EC0B2355A3E400C77F4D /* LLImagePickerModel.m in Sources */,
				5F91C46B24E6895200E835AB /* AFAppDotNetAPIClient.m in Sources */,
				5F34DCC924EE4E2600DE15A1 /* GaoDuanHomeCell.m in Sources */,
				5FE3EC042355A3E400C77F4D /* UIImageView+LLMediaExt.m in Sources */,
				5FE3EC182355A3E400C77F4D /* TZPhotoPickerController.m in Sources */,
				5F22EBCA24ECF39E002DCF61 /* XiaoXiViewController.m in Sources */,
				5FE3EC0C2355A3E400C77F4D /* LLImagePickerView.m in Sources */,
				5FDA455C2490EA0A00130D1E /* MyNavigationViewController.m in Sources */,
				5FE3EC032355A3E400C77F4D /* ACAlertController.m in Sources */,
				5FE3ECBE2355B7AB00C77F4D /* XinXiListTableViewCell.m in Sources */,
				5FE3EC122355A3E400C77F4D /* NSBundle+TZImagePicker.m in Sources */,
				5F498D1323AB99830050AD19 /* GetCountryInfoViewController.m in Sources */,
				5FE3ECC02355B7AB00C77F4D /* XinXiListViewController.m in Sources */,
				5F22EBC424ECF371002DCF61 /* GaoDuanViewController.m in Sources */,
				5FE3EC172355A3E400C77F4D /* TZImageManager.m in Sources */,
				5FE3EC112355A3E400C77F4D /* TZAssetModel.m in Sources */,
				5FE3EAD32355A0EE00C77F4D /* NSString+Additions.m in Sources */,
				5FE3EC1A2355A3E400C77F4D /* TZImagePickerController.m in Sources */,
				5FE3EC162355A3E400C77F4D /* TZProgressView.m in Sources */,
				5FE3EAC923559FB400C77F4D /* MainBaseViewController.m in Sources */,
				5FE3EA7D235599D300C77F4D /* main.m in Sources */,
				5FE3EC142355A3E400C77F4D /* TZPhotoPreviewController.m in Sources */,
				5F34DCC524EE15CA00DE15A1 /* HomeListCell.m in Sources */,
				5FE3EC5B2355B1B500C77F4D /* SheZhiViewController.m in Sources */,
			);
			runOnlyForDeploymentPostprocessing = 0;
		};
/* End PBXSourcesBuildPhase section */

/* Begin PBXVariantGroup section */
		5FE3EA73235599D200C77F4D /* Main.storyboard */ = {
			isa = PBXVariantGroup;
			children = (
				5FE3EA74235599D200C77F4D /* Base */,
			);
			name = Main.storyboard;
			sourceTree = "<group>";
		};
		5FE3EA78235599D300C77F4D /* LaunchScreen.storyboard */ = {
			isa = PBXVariantGroup;
			children = (
				5FE3EA79235599D300C77F4D /* Base */,
			);
			name = LaunchScreen.storyboard;
			sourceTree = "<group>";
		};
/* End PBXVariantGroup section */

/* Begin XCBuildConfiguration section */
		5FE3EA7E235599D300C77F4D /* Debug */ = {
			isa = XCBuildConfiguration;
			buildSettings = {
				ALWAYS_SEARCH_USER_PATHS = NO;
				CLANG_ANALYZER_NONNULL = YES;
				CLANG_ANALYZER_NUMBER_OBJECT_CONVERSION = YES_AGGRESSIVE;
				CLANG_CXX_LANGUAGE_STANDARD = "gnu++14";
				CLANG_CXX_LIBRARY = "libc++";
				CLANG_ENABLE_MODULES = YES;
				CLANG_ENABLE_OBJC_ARC = YES;
				CLANG_ENABLE_OBJC_WEAK = YES;
				CLANG_WARN_BLOCK_CAPTURE_AUTORELEASING = YES;
				CLANG_WARN_BOOL_CONVERSION = YES;
				CLANG_WARN_COMMA = YES;
				CLANG_WARN_CONSTANT_CONVERSION = YES;
				CLANG_WARN_DEPRECATED_OBJC_IMPLEMENTATIONS = YES;
				CLANG_WARN_DIRECT_OBJC_ISA_USAGE = YES_ERROR;
				CLANG_WARN_DOCUMENTATION_COMMENTS = YES;
				CLANG_WARN_EMPTY_BODY = YES;
				CLANG_WARN_ENUM_CONVERSION = YES;
				CLANG_WARN_INFINITE_RECURSION = YES;
				CLANG_WARN_INT_CONVERSION = YES;
				CLANG_WARN_NON_LITERAL_NULL_CONVERSION = YES;
				CLANG_WARN_OBJC_IMPLICIT_RETAIN_SELF = YES;
				CLANG_WARN_OBJC_LITERAL_CONVERSION = YES;
				CLANG_WARN_OBJC_ROOT_CLASS = YES_ERROR;
				CLANG_WARN_RANGE_LOOP_ANALYSIS = YES;
				CLANG_WARN_STRICT_PROTOTYPES = YES;
				CLANG_WARN_SUSPICIOUS_MOVE = YES;
				CLANG_WARN_UNGUARDED_AVAILABILITY = YES_AGGRESSIVE;
				CLANG_WARN_UNREACHABLE_CODE = YES;
				CLANG_WARN__DUPLICATE_METHOD_MATCH = YES;
				COPY_PHASE_STRIP = NO;
				DEBUG_INFORMATION_FORMAT = dwarf;
				ENABLE_STRICT_OBJC_MSGSEND = YES;
				ENABLE_TESTABILITY = YES;
				GCC_C_LANGUAGE_STANDARD = gnu11;
				GCC_DYNAMIC_NO_PIC = NO;
				GCC_NO_COMMON_BLOCKS = YES;
				GCC_OPTIMIZATION_LEVEL = 0;
				GCC_PREPROCESSOR_DEFINITIONS = (
					"DEBUG=1",
					"$(inherited)",
				);
				GCC_WARN_64_TO_32_BIT_CONVERSION = YES;
				GCC_WARN_ABOUT_RETURN_TYPE = YES_ERROR;
				GCC_WARN_UNDECLARED_SELECTOR = YES;
				GCC_WARN_UNINITIALIZED_AUTOS = YES_AGGRESSIVE;
				GCC_WARN_UNUSED_FUNCTION = YES;
				GCC_WARN_UNUSED_VARIABLE = YES;
				IPHONEOS_DEPLOYMENT_TARGET = 13.0;
				MTL_ENABLE_DEBUG_INFO = INCLUDE_SOURCE;
				MTL_FAST_MATH = YES;
				ONLY_ACTIVE_ARCH = YES;
				SDKROOT = iphoneos;
			};
			name = Debug;
		};
		5FE3EA7F235599D300C77F4D /* Release */ = {
			isa = XCBuildConfiguration;
			buildSettings = {
				ALWAYS_SEARCH_USER_PATHS = NO;
				CLANG_ANALYZER_NONNULL = YES;
				CLANG_ANALYZER_NUMBER_OBJECT_CONVERSION = YES_AGGRESSIVE;
				CLANG_CXX_LANGUAGE_STANDARD = "gnu++14";
				CLANG_CXX_LIBRARY = "libc++";
				CLANG_ENABLE_MODULES = YES;
				CLANG_ENABLE_OBJC_ARC = YES;
				CLANG_ENABLE_OBJC_WEAK = YES;
				CLANG_WARN_BLOCK_CAPTURE_AUTORELEASING = YES;
				CLANG_WARN_BOOL_CONVERSION = YES;
				CLANG_WARN_COMMA = YES;
				CLANG_WARN_CONSTANT_CONVERSION = YES;
				CLANG_WARN_DEPRECATED_OBJC_IMPLEMENTATIONS = YES;
				CLANG_WARN_DIRECT_OBJC_ISA_USAGE = YES_ERROR;
				CLANG_WARN_DOCUMENTATION_COMMENTS = YES;
				CLANG_WARN_EMPTY_BODY = YES;
				CLANG_WARN_ENUM_CONVERSION = YES;
				CLANG_WARN_INFINITE_RECURSION = YES;
				CLANG_WARN_INT_CONVERSION = YES;
				CLANG_WARN_NON_LITERAL_NULL_CONVERSION = YES;
				CLANG_WARN_OBJC_IMPLICIT_RETAIN_SELF = YES;
				CLANG_WARN_OBJC_LITERAL_CONVERSION = YES;
				CLANG_WARN_OBJC_ROOT_CLASS = YES_ERROR;
				CLANG_WARN_RANGE_LOOP_ANALYSIS = YES;
				CLANG_WARN_STRICT_PROTOTYPES = YES;
				CLANG_WARN_SUSPICIOUS_MOVE = YES;
				CLANG_WARN_UNGUARDED_AVAILABILITY = YES_AGGRESSIVE;
				CLANG_WARN_UNREACHABLE_CODE = YES;
				CLANG_WARN__DUPLICATE_METHOD_MATCH = YES;
				COPY_PHASE_STRIP = NO;
				DEBUG_INFORMATION_FORMAT = "dwarf-with-dsym";
				ENABLE_NS_ASSERTIONS = NO;
				ENABLE_STRICT_OBJC_MSGSEND = YES;
				GCC_C_LANGUAGE_STANDARD = gnu11;
				GCC_NO_COMMON_BLOCKS = YES;
				GCC_WARN_64_TO_32_BIT_CONVERSION = YES;
				GCC_WARN_ABOUT_RETURN_TYPE = YES_ERROR;
				GCC_WARN_UNDECLARED_SELECTOR = YES;
				GCC_WARN_UNINITIALIZED_AUTOS = YES_AGGRESSIVE;
				GCC_WARN_UNUSED_FUNCTION = YES;
				GCC_WARN_UNUSED_VARIABLE = YES;
				IPHONEOS_DEPLOYMENT_TARGET = 13.0;
				MTL_ENABLE_DEBUG_INFO = NO;
				MTL_FAST_MATH = YES;
				SDKROOT = iphoneos;
				VALIDATE_PRODUCT = YES;
			};
			name = Release;
		};
		5FE3EA81235599D300C77F4D /* Debug */ = {
			isa = XCBuildConfiguration;
			baseConfigurationReference = 9332B435C977DEF8E70DFC75 /* Pods-JianZhi.debug.xcconfig */;
			buildSettings = {
				ASSETCATALOG_COMPILER_APPICON_NAME = AppIcon;
				ASSETCATALOG_COMPILER_LAUNCHIMAGE_NAME = "";
				CODE_SIGN_ENTITLEMENTS = NotesProject/KKlive.entitlements;
				CODE_SIGN_IDENTITY = "Apple Development";
				CODE_SIGN_STYLE = Automatic;
				CURRENT_PROJECT_VERSION = 1;
				DEVELOPMENT_TEAM = 4NM655V86S;
				FRAMEWORK_SEARCH_PATHS = (
					"$(inherited)",
					"$(PROJECT_DIR)/NotesProject/Library/RongCloud/IMLib",
					"$(PROJECT_DIR)/NotesProject/Library/RongCloud/IMKit",
					"$(PROJECT_DIR)/NotesProject/Library/Meiqia-SDK-files",
				);
				GCC_PRECOMPILE_PREFIX_HEADER = YES;
				GCC_PREFIX_HEADER = "$(SRCROOT)/NotesProject/Normal/PrefixHeader.pch";
				INFOPLIST_FILE = NotesProject/Info.plist;
				IPHONEOS_DEPLOYMENT_TARGET = 9.0;
				LD_RUNPATH_SEARCH_PATHS = (
					"$(inherited)",
					"@executable_path/Frameworks",
				);
				LIBRARY_SEARCH_PATHS = (
					"$(inherited)",
					"$(PROJECT_DIR)/NotesProject/Library/RongCloud/IMLib",
					"$(PROJECT_DIR)/NotesProject/Library/Meiqia-SDK-files/MQChatViewController/Vendors/MLAudioRecorder/amr_en_de/lib",
				);
				MARKETING_VERSION = 1.1.5;
				PRODUCT_BUNDLE_IDENTIFIER = com.cora.tectacles;
				PRODUCT_NAME = YoYo;
				PROVISIONING_PROFILE_SPECIFIER = "";
				TARGETED_DEVICE_FAMILY = 1;
			};
			name = Debug;
		};
		5FE3EA82235599D300C77F4D /* Release */ = {
			isa = XCBuildConfiguration;
			baseConfigurationReference = 3EAA70B96634DEB9F58F4FF5 /* Pods-JianZhi.release.xcconfig */;
			buildSettings = {
				ASSETCATALOG_COMPILER_APPICON_NAME = AppIcon;
				ASSETCATALOG_COMPILER_LAUNCHIMAGE_NAME = "";
				CODE_SIGN_ENTITLEMENTS = NotesProject/KKlive.entitlements;
				CODE_SIGN_IDENTITY = "Apple Development";
				CODE_SIGN_STYLE = Automatic;
				CURRENT_PROJECT_VERSION = 1;
				DEVELOPMENT_TEAM = 4NM655V86S;
				FRAMEWORK_SEARCH_PATHS = (
					"$(inherited)",
					"$(PROJECT_DIR)/NotesProject/Library/RongCloud/IMLib",
					"$(PROJECT_DIR)/NotesProject/Library/RongCloud/IMKit",
					"$(PROJECT_DIR)/NotesProject/Library/Meiqia-SDK-files",
				);
				GCC_PRECOMPILE_PREFIX_HEADER = YES;
				GCC_PREFIX_HEADER = "$(SRCROOT)/NotesProject/Normal/PrefixHeader.pch";
				INFOPLIST_FILE = NotesProject/Info.plist;
				IPHONEOS_DEPLOYMENT_TARGET = 9.0;
				LD_RUNPATH_SEARCH_PATHS = (
					"$(inherited)",
					"@executable_path/Frameworks",
				);
				LIBRARY_SEARCH_PATHS = (
					"$(inherited)",
					"$(PROJECT_DIR)/NotesProject/Library/RongCloud/IMLib",
					"$(PROJECT_DIR)/NotesProject/Library/Meiqia-SDK-files/MQChatViewController/Vendors/MLAudioRecorder/amr_en_de/lib",
				);
				MARKETING_VERSION = 1.1.5;
				PRODUCT_BUNDLE_IDENTIFIER = com.cora.tectacles;
				PRODUCT_NAME = YoYo;
				PROVISIONING_PROFILE_SPECIFIER = "";
				TARGETED_DEVICE_FAMILY = 1;
			};
			name = Release;
		};
/* End XCBuildConfiguration section */

/* Begin XCConfigurationList section */
		5FE3EA62235599D200C77F4D /* Build configuration list for PBXProject "JianZhi" */ = {
			isa = XCConfigurationList;
			buildConfigurations = (
				5FE3EA7E235599D300C77F4D /* Debug */,
				5FE3EA7F235599D300C77F4D /* Release */,
			);
			defaultConfigurationIsVisible = 0;
			defaultConfigurationName = Release;
		};
		5FE3EA80235599D300C77F4D /* Build configuration list for PBXNativeTarget "JianZhi" */ = {
			isa = XCConfigurationList;
			buildConfigurations = (
				5FE3EA81235599D300C77F4D /* Debug */,
				5FE3EA82235599D300C77F4D /* Release */,
			);
			defaultConfigurationIsVisible = 0;
			defaultConfigurationName = Release;
		};
/* End XCConfigurationList section */
	};
	rootObject = 5FE3EA5F235599D200C77F4D /* Project object */;
}
